
Microsoft Visual Studio Solution File, Format Version 12.00
Project("{FAE04EC0-301F-11D3-BF4B-00C04F79EFBC}") = "Telnet.Net", "Telnet.Net\Telnet.Net.csproj", "{BE6CCED5-4E13-4201-BB58-CB8FE2B70973}"
EndProject
Project("{FAE04EC0-301F-11D3-BF4B-00C04F79EFBC}") = "Telnet.Test", "Telnet.Test\Telnet.Test.csproj", "{5501561A-55D4-496B-ABD8-219ABEDAA45C}"
EndProject
Global
	GlobalSection(SolutionConfigurationPlatforms) = preSolution
		Debug|Any CPU = Debug|Any CPU
		Release|Any CPU = Release|Any CPU
	EndGlobalSection
	GlobalSection(ProjectConfigurationPlatforms) = postSolution
		{BE6CCED5-4E13-4201-BB58-CB8FE2B70973}.Debug|Any CPU.ActiveCfg = Debug|Any CPU
		{BE6CCED5-4E13-4201-BB58-CB8FE2B70973}.Debug|Any CPU.Build.0 = Debug|Any CPU
		{BE6CCED5-4E13-4201-BB58-CB8FE2B70973}.Release|Any CPU.ActiveCfg = Release|Any CPU
		{BE6CCED5-4E13-4201-BB58-CB8FE2B70973}.Release|Any CPU.Build.0 = Release|Any CPU
		{5501561A-55D4-496B-ABD8-219ABEDAA45C}.Debug|Any CPU.ActiveCfg = Debug|Any CPU
		{5501561A-55D4-496B-ABD8-219ABEDAA45C}.Debug|Any CPU.Build.0 = Debug|Any CPU
		{5501561A-55D4-496B-ABD8-219ABEDAA45C}.Release|Any CPU.ActiveCfg = Release|Any CPU
		{5501561A-55D4-496B-ABD8-219ABEDAA45C}.Release|Any CPU.Build.0 = Release|Any CPU
	EndGlobalSection
EndGlobal
